
Microsoft Visual Studio Solution File, Format Version 12.00
# Visual Studio Version 16
VisualStudioVersion = 16.0.29318.209
MinimumVisualStudioVersion = 10.0.40219.1
Project("{9A19103F-16F7-4668-BE54-9A1E7A4F7556}") = "Project.Data", "Project.Data\Project.Data.csproj", "{23303E4F-FE16-42DE-AC60-2871A431D3B7}"
EndProject
Project("{FAE04EC0-301F-11D3-BF4B-00C04F79EFBC}") = "Project.UI", "Project.UI\Project.UI.csproj", "{2154577C-07FE-4B17-B7EB-6362AF2D9C73}"
EndProject
Global
	GlobalSection(SolutionConfigurationPlatforms) = preSolution
		Debug|Any CPU = Debug|Any CPU
		Release|Any CPU = Release|Any CPU
	EndGlobalSection
	GlobalSection(ProjectConfigurationPlatforms) = postSolution
		{23303E4F-FE16-42DE-AC60-2871A431D3B7}.Debug|Any CPU.ActiveCfg = Debug|Any CPU
		{23303E4F-FE16-42DE-AC60-2871A431D3B7}.Debug|Any CPU.Build.0 = Debug|Any CPU
		{23303E4F-FE16-42DE-AC60-2871A431D3B7}.Release|Any CPU.ActiveCfg = Release|Any CPU
		{23303E4F-FE16-42DE-AC60-2871A431D3B7}.Release|Any CPU.Build.0 = Release|Any CPU
		{2154577C-07FE-4B17-B7EB-6362AF2D9C73}.Debug|Any CPU.ActiveCfg = Debug|Any CPU
		{2154577C-07FE-4B17-B7EB-6362AF2D9C73}.Debug|Any CPU.Build.0 = Debug|Any CPU
		{2154577C-07FE-4B17-B7EB-6362AF2D9C73}.Release|Any CPU.ActiveCfg = Release|Any CPU
		{2154577C-07FE-4B17-B7EB-6362AF2D9C73}.Release|Any CPU.Build.0 = Release|Any CPU
	EndGlobalSection
	GlobalSection(SolutionProperties) = preSolution
		HideSolutionNode = FALSE
	EndGlobalSection
	GlobalSection(ExtensibilityGlobals) = postSolution
		SolutionGuid = {BF206A3E-27B3-4562-8E1C-810751D82155}
	EndGlobalSection
EndGlobal
